
Microsoft Visual Studio Solution File, Format Version 12.00
# Visual Studio Version 17
VisualStudioVersion = 17.9.34714.143
MinimumVisualStudioVersion = 10.0.40219.1
Project("{FAE04EC0-301F-11D3-BF4B-00C04F79EFBC}") = "GeoQuiz", "GeoQuiz\GeoQuiz.csproj", "{6F7A9A54-FA63-4EBA-B6AC-1FCCA822C5EF}"
EndProject
Global
	GlobalSection(SolutionConfigurationPlatforms) = preSolution
		Debug|Any CPU = Debug|Any CPU
		Release|Any CPU = Release|Any CPU
	EndGlobalSection
	GlobalSection(ProjectConfigurationPlatforms) = postSolution
		{6F7A9A54-FA63-4EBA-B6AC-1FCCA822C5EF}.Debug|Any CPU.ActiveCfg = Debug|Any CPU
		{6F7A9A54-FA63-4EBA-B6AC-1FCCA822C5EF}.Debug|Any CPU.Build.0 = Debug|Any CPU
		{6F7A9A54-FA63-4EBA-B6AC-1FCCA822C5EF}.Release|Any CPU.ActiveCfg = Release|Any CPU
		{6F7A9A54-FA63-4EBA-B6AC-1FCCA822C5EF}.Release|Any CPU.Build.0 = Release|Any CPU
	EndGlobalSection
	GlobalSection(SolutionProperties) = preSolution
		HideSolutionNode = FALSE
	EndGlobalSection
	GlobalSection(ExtensibilityGlobals) = postSolution
		SolutionGuid = {6529C7DB-F322-48AE-85C5-0EC417DF2502}
	EndGlobalSection
EndGlobal
